{
  "name": "pendant",
  "version": "1.0.0",
  "lockfileVersion": 1,
  "requires": true,
  "dependencies": {
    "faye-websocket": {
      "version": "0.11.3",
      "resolved": "https://registry.npm.taobao.org/faye-websocket/download/faye-websocket-0.11.3.tgz",
      "integrity": "sha1-XA6aiWjokSwoZjn96XeosgnyUI4=",
      "requires": {
        "websocket-driver": ">=0.5.1"
      }
    },
    "http-parser-js": {
      "version": "0.5.2",
      "resolved": "https://registry.npm.taobao.org/http-parser-js/download/http-parser-js-0.5.2.tgz",
      "integrity": "sha1-2i4x0jezk6rnKs5DiC3X4nCo/3c="
    },
    "safe-buffer": {
      "version": "5.2.1",
      "resolved": "https://registry.npm.taobao.org/safe-buffer/download/safe-buffer-5.2.1.tgz",
      "integrity": "sha1-Hq+fqb2x/dTsdfWPnNtOa3gn7sY="
    },
    "websocket-driver": {
      "version": "0.7.4",
      "resolved": "https://registry.npm.taobao.org/websocket-driver/download/websocket-driver-0.7.4.tgz",
      "integrity": "sha1-ia1Slbv2S0gKvLox5JU6ynBvV2A=",
      "requires": {
        "http-parser-js": ">=0.5.1",
        "safe-buffer": ">=5.1.0",
        "websocket-extensions": ">=0.1.1"
      }
    },
    "websocket-extensions": {
      "version": "0.1.4",
      "resolved": "https://registry.npm.taobao.org/websocket-extensions/download/websocket-extensions-0.1.4.tgz",
      "integrity": "sha1-f4RzvIOd/YdgituV1+sHUhFXikI="
    }
  }
}
